// !$*UTF8*$!
{
	archiveVersion = 1;
	classes = {
	};
	objectVersion = 55;
	objects = {

/* Begin PBXBuildFile section */
		AF3DB56628CAA09D00FFE12B /* AppDelegate.swift in Sources */ = {isa = PBXBuildFile; fileRef = AF3DB56528CAA09D00FFE12B /* AppDelegate.swift */; };
		AF3DB56828CAA09D00FFE12B /* SceneDelegate.swift in Sources */ = {isa = PBXBuildFile; fileRef = AF3DB56728CAA09D00FFE12B /* SceneDelegate.swift */; };
		AF3DB56A28CAA09D00FFE12B /* ViewController.swift in Sources */ = {isa = PBXBuildFile; fileRef = AF3DB56928CAA09D00FFE12B /* ViewController.swift */; };
		AF3DB56D28CAA09D00FFE12B /* Main.storyboard in Resources */ = {isa = PBXBuildFile; fileRef = AF3DB56B28CAA09D00FFE12B /* Main.storyboard */; };
		AF3DB57028CAA09D00FFE12B /* EnglishCentral_Sample.xcdatamodeld in Sources */ = {isa = PBXBuildFile; fileRef = AF3DB56E28CAA09D00FFE12B /* EnglishCentral_Sample.xcdatamodeld */; };
		AF3DB57228CAA09E00FFE12B /* Assets.xcassets in Resources */ = {isa = PBXBuildFile; fileRef = AF3DB57128CAA09E00FFE12B /* Assets.xcassets */; };
		AF3DB57528CAA09E00FFE12B /* LaunchScreen.storyboard in Resources */ = {isa = PBXBuildFile; fileRef = AF3DB57328CAA09E00FFE12B /* LaunchScreen.storyboard */; };
/* End PBXBuildFile section */

/* Begin PBXFileReference section */
		AF3DB56228CAA09D00FFE12B /* EnglishCentral_Sample.app */ = {isa = PBXFileReference; explicitFileType = wrapper.application; includeInIndex = 0; path = EnglishCentral_Sample.app; sourceTree = BUILT_PRODUCTS_DIR; };
		AF3DB56528CAA09D00FFE12B /* AppDelegate.swift */ = {isa = PBXFileReference; lastKnownFileType = sourcecode.swift; path = AppDelegate.swift; sourceTree = "<group>"; };
		AF3DB56728CAA09D00FFE12B /* SceneDelegate.swift */ = {isa = PBXFileReference; lastKnownFileType = sourcecode.swift; path = SceneDelegate.swift; sourceTree = "<group>"; };
		AF3DB56928CAA09D00FFE12B /* ViewController.swift */ = {isa = PBXFileReference; lastKnownFileType = sourcecode.swift; path = ViewController.swift; sourceTree = "<group>"; };
		AF3DB56C28CAA09D00FFE12B /* Base */ = {isa = PBXFileReference; lastKnownFileType = file.storyboard; name = Base; path = Base.lproj/Main.storyboard; sourceTree = "<group>"; };
		AF3DB56F28CAA09D00FFE12B /* EnglishCentral_Sample.xcdatamodel */ = {isa = PBXFileReference; lastKnownFileType = wrapper.xcdatamodel; path = EnglishCentral_Sample.xcdatamodel; sourceTree = "<group>"; };
		AF3DB57128CAA09E00FFE12B /* Assets.xcassets */ = {isa = PBXFileReference; lastKnownFileType = folder.assetcatalog; path = Assets.xcassets; sourceTree = "<group>"; };
		AF3DB57428CAA09E00FFE12B /* Base */ = {isa = PBXFileReference; lastKnownFileType = file.storyboard; name = Base; path = Base.lproj/LaunchScreen.storyboard; sourceTree = "<group>"; };
		AF3DB57628CAA09E00FFE12B /* Info.plist */ = {isa = PBXFileReference; lastKnownFileType = text.plist.xml; path = Info.plist; sourceTree = "<group>"; };
/* End PBXFileReference section */

/* Begin PBXFrameworksBuildPhase section */
		AF3DB55F28CAA09D00FFE12B /* Frameworks */ = {
			isa = PBXFrameworksBuildPhase;
			buildActionMask = 2147483647;
			files = (
			);
			runOnlyForDeploymentPostprocessing = 0;
		};
/* End PBXFrameworksBuildPhase section */

/* Begin PBXGroup section */
		AF3DB55928CAA09D00FFE12B = {
			isa = PBXGroup;
			children = (
				AF3DB56428CAA09D00FFE12B /* EnglishCentral_Sample */,
				AF3DB56328CAA09D00FFE12B /* Products */,
			);
			sourceTree = "<group>";
		};
		AF3DB56328CAA09D00FFE12B /* Products */ = {
			isa = PBXGroup;
			children = (
				AF3DB56228CAA09D00FFE12B /* EnglishCentral_Sample.app */,
			);
			name = Products;
			sourceTree = "<group>";
		};
		AF3DB56428CAA09D00FFE12B /* EnglishCentral_Sample */ = {
			isa = PBXGroup;
			children = (
				AF3DB56528CAA09D00FFE12B /* AppDelegate.swift */,
				AF3DB56728CAA09D00FFE12B /* SceneDelegate.swift */,
				AF3DB56928CAA09D00FFE12B /* ViewController.swift */,
				AF3DB56B28CAA09D00FFE12B /* Main.storyboard */,
				AF3DB57128CAA09E00FFE12B /* Assets.xcassets */,
				AF3DB57328CAA09E00FFE12B /* LaunchScreen.storyboard */,
				AF3DB57628CAA09E00FFE12B /* Info.plist */,
				AF3DB56E28CAA09D00FFE12B /* EnglishCentral_Sample.xcdatamodeld */,
			);
			path = EnglishCentral_Sample;
			sourceTree = "<group>";
		};
/* End PBXGroup section */

/* Begin PBXNativeTarget section */
		AF3DB56128CAA09D00FFE12B /* EnglishCentral_Sample */ = {
			isa = PBXNativeTarget;
			buildConfigurationList = AF3DB57928CAA09E00FFE12B /* Build configuration list for PBXNativeTarget "EnglishCentral_Sample" */;
			buildPhases = (
				AF3DB55E28CAA09D00FFE12B /* Sources */,
				AF3DB55F28CAA09D00FFE12B /* Frameworks */,
				AF3DB56028CAA09D00FFE12B /* Resources */,
			);
			buildRules = (
			);
			dependencies = (
			);
			name = EnglishCentral_Sample;
			productName = EnglishCentral_Sample;
			productReference = AF3DB56228CAA09D00FFE12B /* EnglishCentral_Sample.app */;
			productType = "com.apple.product-type.application";
		};
/* End PBXNativeTarget section */

/* Begin PBXProject section */
		AF3DB55A28CAA09D00FFE12B /* Project object */ = {
			isa = PBXProject;
			attributes = {
				BuildIndependentTargetsInParallel = 1;
				LastSwiftUpdateCheck = 1340;
				LastUpgradeCheck = 1340;
				TargetAttributes = {
					AF3DB56128CAA09D00FFE12B = {
						CreatedOnToolsVersion = 13.4.1;
					};
				};
			};
			buildConfigurationList = AF3DB55D28CAA09D00FFE12B /* Build configuration list for PBXProject "EnglishCentral_Sample" */;
			compatibilityVersion = "Xcode 13.0";
			developmentRegion = en;
			hasScannedForEncodings = 0;
			knownRegions = (
				en,
				Base,
			);
			mainGroup = AF3DB55928CAA09D00FFE12B;
			productRefGroup = AF3DB56328CAA09D00FFE12B /* Products */;
			projectDirPath = "";
			projectRoot = "";
			targets = (
				AF3DB56128CAA09D00FFE12B /* EnglishCentral_Sample */,
			);
		};
/* End PBXProject section */

/* Begin PBXResourcesBuildPhase section */
		AF3DB56028CAA09D00FFE12B /* Resources */ = {
			isa = PBXResourcesBuildPhase;
			buildActionMask = 2147483647;
			files = (
				AF3DB57528CAA09E00FFE12B /* LaunchScreen.storyboard in Resources */,
				AF3DB57228CAA09E00FFE12B /* Assets.xcassets in Resources */,
				AF3DB56D28CAA09D00FFE12B /* Main.storyboard in Resources */,
			);
			runOnlyForDeploymentPostprocessing = 0;
		};
/* End PBXResourcesBuildPhase section */

/* Begin PBXSourcesBuildPhase section */
		AF3DB55E28CAA09D00FFE12B /* Sources */ = {
			isa = PBXSourcesBuildPhase;
			buildActionMask = 2147483647;
			files = (
				AF3DB56A28CAA09D00FFE12B /* ViewController.swift in Sources */,
				AF3DB56628CAA09D00FFE12B /* AppDelegate.swift in Sources */,
				AF3DB57028CAA09D00FFE12B /* EnglishCentral_Sample.xcdatamodeld in Sources */,
				AF3DB56828CAA09D00FFE12B /* SceneDelegate.swift in Sources */,
			);
			runOnlyForDeploymentPostprocessing = 0;
		};
/* End PBXSourcesBuildPhase section */

/* Begin PBXVariantGroup section */
		AF3DB56B28CAA09D00FFE12B /* Main.storyboard */ = {
			isa = PBXVariantGroup;
			children = (
				AF3DB56C28CAA09D00FFE12B /* Base */,
			);
			name = Main.storyboard;
			sourceTree = "<group>";
		};
		AF3DB57328CAA09E00FFE12B /* LaunchScreen.storyboard */ = {
			isa = PBXVariantGroup;
			children = (
				AF3DB57428CAA09E00FFE12B /* Base */,
			);
			name = LaunchScreen.storyboard;
			sourceTree = "<group>";
		};
/* End PBXVariantGroup section */

/* Begin XCBuildConfiguration section */
		AF3DB57728CAA09E00FFE12B /* Debug */ = {
			isa = XCBuildConfiguration;
			buildSettings = {
				ALWAYS_SEARCH_USER_PATHS = NO;
				CLANG_ANALYZER_NONNULL = YES;
				CLANG_ANALYZER_NUMBER_OBJECT_CONVERSION = YES_AGGRESSIVE;
				CLANG_CXX_LANGUAGE_STANDARD = "gnu++17";
				CLANG_ENABLE_MODULES = YES;
				CLANG_ENABLE_OBJC_ARC = YES;
				CLANG_ENABLE_OBJC_WEAK = YES;
				CLANG_WARN_BLOCK_CAPTURE_AUTORELEASING = YES;
				CLANG_WARN_BOOL_CONVERSION = YES;
				CLANG_WARN_COMMA = YES;
				CLANG_WARN_CONSTANT_CONVERSION = YES;
				CLANG_WARN_DEPRECATED_OBJC_IMPLEMENTATIONS = YES;
				CLANG_WARN_DIRECT_OBJC_ISA_USAGE = YES_ERROR;
				CLANG_WARN_DOCUMENTATION_COMMENTS = YES;
				CLANG_WARN_EMPTY_BODY = YES;
				CLANG_WARN_ENUM_CONVERSION = YES;
				CLANG_WARN_INFINITE_RECURSION = YES;
				CLANG_WARN_INT_CONVERSION = YES;
				CLANG_WARN_NON_LITERAL_NULL_CONVERSION = YES;
				CLANG_WARN_OBJC_IMPLICIT_RETAIN_SELF = YES;
				CLANG_WARN_OBJC_LITERAL_CONVERSION = YES;
				CLANG_WARN_OBJC_ROOT_CLASS = YES_ERROR;
				CLANG_WARN_QUOTED_INCLUDE_IN_FRAMEWORK_HEADER = YES;
				CLANG_WARN_RANGE_LOOP_ANALYSIS = YES;
				CLANG_WARN_STRICT_PROTOTYPES = YES;
				CLANG_WARN_SUSPICIOUS_MOVE = YES;
				CLANG_WARN_UNGUARDED_AVAILABILITY = YES_AGGRESSIVE;
				CLANG_WARN_UNREACHABLE_CODE = YES;
				CLANG_WARN__DUPLICATE_METHOD_MATCH = YES;
				COPY_PHASE_STRIP = NO;
				DEBUG_INFORMATION_FORMAT = dwarf;
				ENABLE_STRICT_OBJC_MSGSEND = YES;
				ENABLE_TESTABILITY = YES;
				GCC_C_LANGUAGE_STANDARD = gnu11;
				GCC_DYNAMIC_NO_PIC = NO;
				GCC_NO_COMMON_BLOCKS = YES;
				GCC_OPTIMIZATION_LEVEL = 0;
				GCC_PREPROCESSOR_DEFINITIONS = (
					"DEBUG=1",
					"$(inherited)",
				);
				GCC_WARN_64_TO_32_BIT_CONVERSION = YES;
				GCC_WARN_ABOUT_RETURN_TYPE = YES_ERROR;
				GCC_WARN_UNDECLARED_SELECTOR = YES;
				GCC_WARN_UNINITIALIZED_AUTOS = YES_AGGRESSIVE;
				GCC_WARN_UNUSED_FUNCTION = YES;
				GCC_WARN_UNUSED_VARIABLE = YES;
				IPHONEOS_DEPLOYMENT_TARGET = 15.5;
				MTL_ENABLE_DEBUG_INFO = INCLUDE_SOURCE;
				MTL_FAST_MATH = YES;
				ONLY_ACTIVE_ARCH = YES;
				SDKROOT = iphoneos;
				SWIFT_ACTIVE_COMPILATION_CONDITIONS = DEBUG;
				SWIFT_OPTIMIZATION_LEVEL = "-Onone";
			};
			name = Debug;
		};
		AF3DB57828CAA09E00FFE12B /* Release */ = {
			isa = XCBuildConfiguration;
			buildSettings = {
				ALWAYS_SEARCH_USER_PATHS = NO;
				CLANG_ANALYZER_NONNULL = YES;
				CLANG_ANALYZER_NUMBER_OBJECT_CONVERSION = YES_AGGRESSIVE;
				CLANG_CXX_LANGUAGE_STANDARD = "gnu++17";
				CLANG_ENABLE_MODULES = YES;
				CLANG_ENABLE_OBJC_ARC = YES;
				CLANG_ENABLE_OBJC_WEAK = YES;
				CLANG_WARN_BLOCK_CAPTURE_AUTORELEASING = YES;
				CLANG_WARN_BOOL_CONVERSION = YES;
				CLANG_WARN_COMMA = YES;
				CLANG_WARN_CONSTANT_CONVERSION = YES;
				CLANG_WARN_DEPRECATED_OBJC_IMPLEMENTATIONS = YES;
				CLANG_WARN_DIRECT_OBJC_ISA_USAGE = YES_ERROR;
				CLANG_WARN_DOCUMENTATION_COMMENTS = YES;
				CLANG_WARN_EMPTY_BODY = YES;
				CLANG_WARN_ENUM_CONVERSION = YES;
				CLANG_WARN_INFINITE_RECURSION = YES;
				CLANG_WARN_INT_CONVERSION = YES;
				CLANG_WARN_NON_LITERAL_NULL_CONVERSION = YES;
				CLANG_WARN_OBJC_IMPLICIT_RETAIN_SELF = YES;
				CLANG_WARN_OBJC_LITERAL_CONVERSION = YES;
				CLANG_WARN_OBJC_ROOT_CLASS = YES_ERROR;
				CLANG_WARN_QUOTED_INCLUDE_IN_FRAMEWORK_HEADER = YES;
				CLANG_WARN_RANGE_LOOP_ANALYSIS = YES;
				CLANG_WARN_STRICT_PROTOTYPES = YES;
				CLANG_WARN_SUSPICIOUS_MOVE = YES;
				CLANG_WARN_UNGUARDED_AVAILABILITY = YES_AGGRESSIVE;
				CLANG_WARN_UNREACHABLE_CODE = YES;
				CLANG_WARN__DUPLICATE_METHOD_MATCH = YES;
				COPY_PHASE_STRIP = NO;
				DEBUG_INFORMATION_FORMAT = "dwarf-with-dsym";
				ENABLE_NS_ASSERTIONS = NO;
				ENABLE_STRICT_OBJC_MSGSEND = YES;
				GCC_C_LANGUAGE_STANDARD = gnu11;
				GCC_NO_COMMON_BLOCKS = YES;
				GCC_WARN_64_TO_32_BIT_CONVERSION = YES;
				GCC_WARN_ABOUT_RETURN_TYPE = YES_ERROR;
				GCC_WARN_UNDECLARED_SELECTOR = YES;
				GCC_WARN_UNINITIALIZED_AUTOS = YES_AGGRESSIVE;
				GCC_WARN_UNUSED_FUNCTION = YES;
				GCC_WARN_UNUSED_VARIABLE = YES;
				IPHONEOS_DEPLOYMENT_TARGET = 15.5;
				MTL_ENABLE_DEBUG_INFO = NO;
				MTL_FAST_MATH = YES;
				SDKROOT = iphoneos;
				SWIFT_COMPILATION_MODE = wholemodule;
				SWIFT_OPTIMIZATION_LEVEL = "-O";
				VALIDATE_PRODUCT = YES;
			};
			name = Release;
		};
		AF3DB57A28CAA09E00FFE12B /* Debug */ = {
			isa = XCBuildConfiguration;
			buildSettings = {
				ASSETCATALOG_COMPILER_APPICON_NAME = AppIcon;
				ASSETCATALOG_COMPILER_GLOBAL_ACCENT_COLOR_NAME = AccentColor;
				CODE_SIGN_STYLE = Automatic;
				CURRENT_PROJECT_VERSION = 1;
				DEVELOPMENT_TEAM = 87W5AH93M3;
				GENERATE_INFOPLIST_FILE = YES;
				INFOPLIST_FILE = EnglishCentral_Sample/Info.plist;
				INFOPLIST_KEY_UIApplicationSupportsIndirectInputEvents = YES;
				INFOPLIST_KEY_UILaunchStoryboardName = LaunchScreen;
				INFOPLIST_KEY_UIMainStoryboardFile = Main;
				INFOPLIST_KEY_UISupportedInterfaceOrientations_iPad = "UIInterfaceOrientationPortrait UIInterfaceOrientationPortraitUpsideDown UIInterfaceOrientationLandscapeLeft UIInterfaceOrientationLandscapeRight";
				INFOPLIST_KEY_UISupportedInterfaceOrientations_iPhone = "UIInterfaceOrientationPortrait UIInterfaceOrientationLandscapeLeft UIInterfaceOrientationLandscapeRight";
				LD_RUNPATH_SEARCH_PATHS = (
					"$(inherited)",
					"@executable_path/Frameworks",
				);
				MARKETING_VERSION = 1.0;
				PRODUCT_BUNDLE_IDENTIFIER = "com.barangocen.EnglishCentral-Sample";
				PRODUCT_NAME = "$(TARGET_NAME)";
				SWIFT_EMIT_LOC_STRINGS = YES;
				SWIFT_VERSION = 5.0;
				TARGETED_DEVICE_FAMILY = "1,2";
			};
			name = Debug;
		};
		AF3DB57B28CAA09E00FFE12B /* Release */ = {
			isa = XCBuildConfiguration;
			buildSettings = {
				ASSETCATALOG_COMPILER_APPICON_NAME = AppIcon;
				ASSETCATALOG_COMPILER_GLOBAL_ACCENT_COLOR_NAME = AccentColor;
				CODE_SIGN_STYLE = Automatic;
				CURRENT_PROJECT_VERSION = 1;
				DEVELOPMENT_TEAM = 87W5AH93M3;
				GENERATE_INFOPLIST_FILE = YES;
				INFOPLIST_FILE = EnglishCentral_Sample/Info.plist;
				INFOPLIST_KEY_UIApplicationSupportsIndirectInputEvents = YES;
				INFOPLIST_KEY_UILaunchStoryboardName = LaunchScreen;
				INFOPLIST_KEY_UIMainStoryboardFile = Main;
				INFOPLIST_KEY_UISupportedInterfaceOrientations_iPad = "UIInterfaceOrientationPortrait UIInterfaceOrientationPortraitUpsideDown UIInterfaceOrientationLandscapeLeft UIInterfaceOrientationLandscapeRight";
				INFOPLIST_KEY_UISupportedInterfaceOrientations_iPhone = "UIInterfaceOrientationPortrait UIInterfaceOrientationLandscapeLeft UIInterfaceOrientationLandscapeRight";
				LD_RUNPATH_SEARCH_PATHS = (
					"$(inherited)",
					"@executable_path/Frameworks",
				);
				MARKETING_VERSION = 1.0;
				PRODUCT_BUNDLE_IDENTIFIER = "com.barangocen.EnglishCentral-Sample";
				PRODUCT_NAME = "$(TARGET_NAME)";
				SWIFT_EMIT_LOC_STRINGS = YES;
				SWIFT_VERSION = 5.0;
				TARGETED_DEVICE_FAMILY = "1,2";
			};
			name = Release;
		};
/* End XCBuildConfiguration section */

/* Begin XCConfigurationList section */
		AF3DB55D28CAA09D00FFE12B /* Build configuration list for PBXProject "EnglishCentral_Sample" */ = {
			isa = XCConfigurationList;
			buildConfigurations = (
				AF3DB57728CAA09E00FFE12B /* Debug */,
				AF3DB57828CAA09E00FFE12B /* Release */,
			);
			defaultConfigurationIsVisible = 0;
			defaultConfigurationName = Release;
		};
		AF3DB57928CAA09E00FFE12B /* Build configuration list for PBXNativeTarget "EnglishCentral_Sample" */ = {
			isa = XCConfigurationList;
			buildConfigurations = (
				AF3DB57A28CAA09E00FFE12B /* Debug */,
				AF3DB57B28CAA09E00FFE12B /* Release */,
			);
			defaultConfigurationIsVisible = 0;
			defaultConfigurationName = Release;
		};
/* End XCConfigurationList section */

/* Begin XCVersionGroup section */
		AF3DB56E28CAA09D00FFE12B /* EnglishCentral_Sample.xcdatamodeld */ = {
			isa = XCVersionGroup;
			children = (
				AF3DB56F28CAA09D00FFE12B /* EnglishCentral_Sample.xcdatamodel */,
			);
			currentVersion = AF3DB56F28CAA09D00FFE12B /* EnglishCentral_Sample.xcdatamodel */;
			path = EnglishCentral_Sample.xcdatamodeld;
			sourceTree = "<group>";
			versionGroupType = wrapper.xcdatamodel;
		};
/* End XCVersionGroup section */
	};
	rootObject = AF3DB55A28CAA09D00FFE12B /* Project object */;
}
